
Microsoft Visual Studio Solution File, Format Version 12.00
# Visual Studio Version 17
VisualStudioVersion = 17.6.33723.286
MinimumVisualStudioVersion = 10.0.40219.1
Project("{FAE04EC0-301F-11D3-BF4B-00C04F79EFBC}") = "ShoplyBack", "ShoplyBack\ShoplyBack.csproj", "{1D21000C-671C-467F-BB62-E067CEBC29D4}"
EndProject
Global
	GlobalSection(SolutionConfigurationPlatforms) = preSolution
		Debug|Any CPU = Debug|Any CPU
		Release|Any CPU = Release|Any CPU
	EndGlobalSection
	GlobalSection(ProjectConfigurationPlatforms) = postSolution
		{1D21000C-671C-467F-BB62-E067CEBC29D4}.Debug|Any CPU.ActiveCfg = Debug|Any CPU
		{1D21000C-671C-467F-BB62-E067CEBC29D4}.Debug|Any CPU.Build.0 = Debug|Any CPU
		{1D21000C-671C-467F-BB62-E067CEBC29D4}.Release|Any CPU.ActiveCfg = Release|Any CPU
		{1D21000C-671C-467F-BB62-E067CEBC29D4}.Release|Any CPU.Build.0 = Release|Any CPU
	EndGlobalSection
	GlobalSection(SolutionProperties) = preSolution
		HideSolutionNode = FALSE
	EndGlobalSection
	GlobalSection(ExtensibilityGlobals) = postSolution
		SolutionGuid = {95FC88A7-537D-4CEF-A445-0420C00F7C73}
	EndGlobalSection
EndGlobal
